
Microsoft Visual Studio Solution File, Format Version 12.00
# Visual Studio Version 17
VisualStudioVersion = 17.2.32505.173
MinimumVisualStudioVersion = 10.0.40219.1
Project("{9A19103F-16F7-4668-BE54-9A1E7A4F7556}") = "SignUpFormWPF", "SignUpFormWPF\SignUpFormWPF.csproj", "{5D458569-F6E3-460D-AFD5-02F2E51D7AB5}"
EndProject
Project("{9A19103F-16F7-4668-BE54-9A1E7A4F7556}") = "ServiceAgent", "ServiceAgent\ServiceAgent.csproj", "{B5D64053-2CA3-496D-A47A-0E7B48AAC162}"
EndProject
Project("{9A19103F-16F7-4668-BE54-9A1E7A4F7556}") = "Common.Contract", "Common.Contract\Common.Contract.csproj", "{44E698D5-1BE3-47B9-AF04-B99B9E24FA45}"
EndProject
Global
	GlobalSection(SolutionConfigurationPlatforms) = preSolution
		Debug|Any CPU = Debug|Any CPU
		Release|Any CPU = Release|Any CPU
	EndGlobalSection
	GlobalSection(ProjectConfigurationPlatforms) = postSolution
		{5D458569-F6E3-460D-AFD5-02F2E51D7AB5}.Debug|Any CPU.ActiveCfg = Debug|Any CPU
		{5D458569-F6E3-460D-AFD5-02F2E51D7AB5}.Debug|Any CPU.Build.0 = Debug|Any CPU
		{5D458569-F6E3-460D-AFD5-02F2E51D7AB5}.Release|Any CPU.ActiveCfg = Release|Any CPU
		{5D458569-F6E3-460D-AFD5-02F2E51D7AB5}.Release|Any CPU.Build.0 = Release|Any CPU
		{B5D64053-2CA3-496D-A47A-0E7B48AAC162}.Debug|Any CPU.ActiveCfg = Debug|Any CPU
		{B5D64053-2CA3-496D-A47A-0E7B48AAC162}.Debug|Any CPU.Build.0 = Debug|Any CPU
		{B5D64053-2CA3-496D-A47A-0E7B48AAC162}.Release|Any CPU.ActiveCfg = Release|Any CPU
		{B5D64053-2CA3-496D-A47A-0E7B48AAC162}.Release|Any CPU.Build.0 = Release|Any CPU
		{44E698D5-1BE3-47B9-AF04-B99B9E24FA45}.Debug|Any CPU.ActiveCfg = Debug|Any CPU
		{44E698D5-1BE3-47B9-AF04-B99B9E24FA45}.Debug|Any CPU.Build.0 = Debug|Any CPU
		{44E698D5-1BE3-47B9-AF04-B99B9E24FA45}.Release|Any CPU.ActiveCfg = Release|Any CPU
		{44E698D5-1BE3-47B9-AF04-B99B9E24FA45}.Release|Any CPU.Build.0 = Release|Any CPU
	EndGlobalSection
	GlobalSection(SolutionProperties) = preSolution
		HideSolutionNode = FALSE
	EndGlobalSection
	GlobalSection(ExtensibilityGlobals) = postSolution
		SolutionGuid = {CA1D6C2E-8938-460F-B2B4-BCA2A2FF221E}
	EndGlobalSection
EndGlobal
